# Runtime constraints, resolved and smoke-tested with Python 3.12 on 10 July 2026.
annotated-doc==0.0.4
annotated-types==0.7.0
anyio==4.14.1
certifi==2026.6.17
charset-normalizer==3.4.9
click==8.4.2
fastapi==0.139.0
googleapis-common-protos==1.75.0
h11==0.16.0
httpcore2==2.5.0
idna==3.18
opentelemetry-api==1.43.0
opentelemetry-exporter-otlp-proto-common==1.43.0
opentelemetry-exporter-otlp-proto-http==1.43.0
opentelemetry-proto==1.43.0
opentelemetry-sdk==1.43.0
opentelemetry-semantic-conventions==0.64b0
prometheus-client==0.25.0
protobuf==7.35.1
pydantic==2.13.4
pydantic-core==2.46.4
requests==2.34.2
starlette==1.3.1
truststore==0.10.4
typing-extensions==4.16.0
typing-inspection==0.4.2
urllib3==2.7.0
uvicorn==0.51.0
